
Microsoft Visual Studio Solution File, Format Version 12.00
# Visual Studio 15
VisualStudioVersion = 15.0.27004.2005
MinimumVisualStudioVersion = 10.0.40219.1
Project("{FAE04EC0-301F-11D3-BF4B-00C04F79EFBC}") = "Taylor", "src\Taylor\Taylor.csproj", "{BF2BA7DC-8A9E-4231-A053-C5276E262101}"
EndProject
Project("{2150E333-8FDC-42A3-9474-1A3956D46DE8}") = "src", "src", "{CDC9E741-D966-4A5F-9414-678A29A72DA1}"
EndProject
Project("{FAE04EC0-301F-11D3-BF4B-00C04F79EFBC}") = "Taylor.Security", "src\Taylor.Security\Taylor.Security.csproj", "{09C482F6-8F25-45B0-96AE-6E9ACAB8B1B3}"
EndProject
Project("{FAE04EC0-301F-11D3-BF4B-00C04F79EFBC}") = "Taylor.Tests", "test\Taylor.Tests\Taylor.Tests.csproj", "{016ABDCA-B3E5-438B-B8F3-2B08B36E9A81}"
EndProject
Project("{2150E333-8FDC-42A3-9474-1A3956D46DE8}") = "Core", "Core", "{F4F6F53D-9254-4B5A-A25F-2EB08F8863F2}"
EndProject
Project("{FAE04EC0-301F-11D3-BF4B-00C04F79EFBC}") = "Taylor.Datas", "src\Taylor.Datas\Taylor.Datas.csproj", "{F4789C88-4B00-4D6A-B684-3E705FD6F80E}"
EndProject
Project("{FAE04EC0-301F-11D3-BF4B-00C04F79EFBC}") = "Taylor.Logs", "src\Taylor.Logs\Taylor.Logs.csproj", "{B8257DA3-E9A8-4C48-8583-22168EC823E8}"
EndProject
Project("{FAE04EC0-301F-11D3-BF4B-00C04F79EFBC}") = "Taylor.Applications", "src\Taylor.Applications\Taylor.Applications.csproj", "{A83F205D-7C06-4343-AC4F-C75ECACDCCE8}"
EndProject
Project("{2150E333-8FDC-42A3-9474-1A3956D46DE8}") = "Tools", "Tools", "{D00CC030-3CFA-474C-9B20-4F9B4A32FE56}"
EndProject
Project("{FAE04EC0-301F-11D3-BF4B-00C04F79EFBC}") = "Taylor.Tools.Sms", "src\Taylor.Tools.Sms\Taylor.Tools.Sms.csproj", "{EFDE6440-892A-44F9-88EF-4B100DFDE279}"
EndProject
Project("{2150E333-8FDC-42A3-9474-1A3956D46DE8}") = "test", "test", "{A9DD8A43-8C43-4CE7-B9D5-AE8DF80C803A}"
EndProject
Global
	GlobalSection(SolutionConfigurationPlatforms) = preSolution
		Debug|Any CPU = Debug|Any CPU
		Release|Any CPU = Release|Any CPU
	EndGlobalSection
	GlobalSection(ProjectConfigurationPlatforms) = postSolution
		{BF2BA7DC-8A9E-4231-A053-C5276E262101}.Debug|Any CPU.ActiveCfg = Debug|Any CPU
		{BF2BA7DC-8A9E-4231-A053-C5276E262101}.Debug|Any CPU.Build.0 = Debug|Any CPU
		{BF2BA7DC-8A9E-4231-A053-C5276E262101}.Release|Any CPU.ActiveCfg = Release|Any CPU
		{BF2BA7DC-8A9E-4231-A053-C5276E262101}.Release|Any CPU.Build.0 = Release|Any CPU
		{09C482F6-8F25-45B0-96AE-6E9ACAB8B1B3}.Debug|Any CPU.ActiveCfg = Debug|Any CPU
		{09C482F6-8F25-45B0-96AE-6E9ACAB8B1B3}.Debug|Any CPU.Build.0 = Debug|Any CPU
		{09C482F6-8F25-45B0-96AE-6E9ACAB8B1B3}.Release|Any CPU.ActiveCfg = Release|Any CPU
		{09C482F6-8F25-45B0-96AE-6E9ACAB8B1B3}.Release|Any CPU.Build.0 = Release|Any CPU
		{016ABDCA-B3E5-438B-B8F3-2B08B36E9A81}.Debug|Any CPU.ActiveCfg = Debug|Any CPU
		{016ABDCA-B3E5-438B-B8F3-2B08B36E9A81}.Debug|Any CPU.Build.0 = Debug|Any CPU
		{016ABDCA-B3E5-438B-B8F3-2B08B36E9A81}.Release|Any CPU.ActiveCfg = Release|Any CPU
		{016ABDCA-B3E5-438B-B8F3-2B08B36E9A81}.Release|Any CPU.Build.0 = Release|Any CPU
		{F4789C88-4B00-4D6A-B684-3E705FD6F80E}.Debug|Any CPU.ActiveCfg = Debug|Any CPU
		{F4789C88-4B00-4D6A-B684-3E705FD6F80E}.Debug|Any CPU.Build.0 = Debug|Any CPU
		{F4789C88-4B00-4D6A-B684-3E705FD6F80E}.Release|Any CPU.ActiveCfg = Release|Any CPU
		{F4789C88-4B00-4D6A-B684-3E705FD6F80E}.Release|Any CPU.Build.0 = Release|Any CPU
		{B8257DA3-E9A8-4C48-8583-22168EC823E8}.Debug|Any CPU.ActiveCfg = Debug|Any CPU
		{B8257DA3-E9A8-4C48-8583-22168EC823E8}.Debug|Any CPU.Build.0 = Debug|Any CPU
		{B8257DA3-E9A8-4C48-8583-22168EC823E8}.Release|Any CPU.ActiveCfg = Release|Any CPU
		{B8257DA3-E9A8-4C48-8583-22168EC823E8}.Release|Any CPU.Build.0 = Release|Any CPU
		{A83F205D-7C06-4343-AC4F-C75ECACDCCE8}.Debug|Any CPU.ActiveCfg = Debug|Any CPU
		{A83F205D-7C06-4343-AC4F-C75ECACDCCE8}.Debug|Any CPU.Build.0 = Debug|Any CPU
		{A83F205D-7C06-4343-AC4F-C75ECACDCCE8}.Release|Any CPU.ActiveCfg = Release|Any CPU
		{A83F205D-7C06-4343-AC4F-C75ECACDCCE8}.Release|Any CPU.Build.0 = Release|Any CPU
		{EFDE6440-892A-44F9-88EF-4B100DFDE279}.Debug|Any CPU.ActiveCfg = Debug|Any CPU
		{EFDE6440-892A-44F9-88EF-4B100DFDE279}.Debug|Any CPU.Build.0 = Debug|Any CPU
		{EFDE6440-892A-44F9-88EF-4B100DFDE279}.Release|Any CPU.ActiveCfg = Release|Any CPU
		{EFDE6440-892A-44F9-88EF-4B100DFDE279}.Release|Any CPU.Build.0 = Release|Any CPU
	EndGlobalSection
	GlobalSection(SolutionProperties) = preSolution
		HideSolutionNode = FALSE
	EndGlobalSection
	GlobalSection(NestedProjects) = preSolution
		{BF2BA7DC-8A9E-4231-A053-C5276E262101} = {F4F6F53D-9254-4B5A-A25F-2EB08F8863F2}
		{09C482F6-8F25-45B0-96AE-6E9ACAB8B1B3} = {F4F6F53D-9254-4B5A-A25F-2EB08F8863F2}
		{016ABDCA-B3E5-438B-B8F3-2B08B36E9A81} = {A9DD8A43-8C43-4CE7-B9D5-AE8DF80C803A}
		{F4F6F53D-9254-4B5A-A25F-2EB08F8863F2} = {CDC9E741-D966-4A5F-9414-678A29A72DA1}
		{F4789C88-4B00-4D6A-B684-3E705FD6F80E} = {F4F6F53D-9254-4B5A-A25F-2EB08F8863F2}
		{B8257DA3-E9A8-4C48-8583-22168EC823E8} = {F4F6F53D-9254-4B5A-A25F-2EB08F8863F2}
		{A83F205D-7C06-4343-AC4F-C75ECACDCCE8} = {F4F6F53D-9254-4B5A-A25F-2EB08F8863F2}
		{D00CC030-3CFA-474C-9B20-4F9B4A32FE56} = {CDC9E741-D966-4A5F-9414-678A29A72DA1}
		{EFDE6440-892A-44F9-88EF-4B100DFDE279} = {D00CC030-3CFA-474C-9B20-4F9B4A32FE56}
	EndGlobalSection
	GlobalSection(ExtensibilityGlobals) = postSolution
		SolutionGuid = {EAF55894-AE32-4191-857C-310990D2AC9F}
	EndGlobalSection
EndGlobal
