
Microsoft Visual Studio Solution File, Format Version 12.00
# Visual Studio 15
VisualStudioVersion = 15.0.27130.2010
MinimumVisualStudioVersion = 10.0.40219.1
Project("{9A19103F-16F7-4668-BE54-9A1E7A4F7556}") = "Taylor", "src\Taylor\Taylor.csproj", "{BF2BA7DC-8A9E-4231-A053-C5276E262101}"
EndProject
Project("{2150E333-8FDC-42A3-9474-1A3956D46DE8}") = "src", "src", "{CDC9E741-D966-4A5F-9414-678A29A72DA1}"
EndProject
Project("{9A19103F-16F7-4668-BE54-9A1E7A4F7556}") = "Taylor.Security", "src\Taylor.Security\Taylor.Security.csproj", "{09C482F6-8F25-45B0-96AE-6E9ACAB8B1B3}"
EndProject
Project("{2150E333-8FDC-42A3-9474-1A3956D46DE8}") = "Core", "Core", "{F4F6F53D-9254-4B5A-A25F-2EB08F8863F2}"
EndProject
Project("{9A19103F-16F7-4668-BE54-9A1E7A4F7556}") = "Taylor.Datas", "src\Taylor.Datas\Taylor.Datas.csproj", "{F4789C88-4B00-4D6A-B684-3E705FD6F80E}"
EndProject
Project("{9A19103F-16F7-4668-BE54-9A1E7A4F7556}") = "Taylor.Logs", "src\Taylor.Logs\Taylor.Logs.csproj", "{B8257DA3-E9A8-4C48-8583-22168EC823E8}"
EndProject
Project("{9A19103F-16F7-4668-BE54-9A1E7A4F7556}") = "Taylor.Applications", "src\Taylor.Applications\Taylor.Applications.csproj", "{A83F205D-7C06-4343-AC4F-C75ECACDCCE8}"
EndProject
Project("{2150E333-8FDC-42A3-9474-1A3956D46DE8}") = "Tools", "Tools", "{D00CC030-3CFA-474C-9B20-4F9B4A32FE56}"
EndProject
Project("{9A19103F-16F7-4668-BE54-9A1E7A4F7556}") = "Taylor.Tools.Sms", "src\Taylor.Tools.Sms\Taylor.Tools.Sms.csproj", "{EFDE6440-892A-44F9-88EF-4B100DFDE279}"
EndProject
Project("{2150E333-8FDC-42A3-9474-1A3956D46DE8}") = "test", "test", "{A9DD8A43-8C43-4CE7-B9D5-AE8DF80C803A}"
EndProject
Project("{9A19103F-16F7-4668-BE54-9A1E7A4F7556}") = "Taylor.Tests", "test\Taylor.Tests\Taylor.Tests.csproj", "{86C6B6A4-F56F-4408-AC61-F26BF9B66BB1}"
EndProject
Project("{2150E333-8FDC-42A3-9474-1A3956D46DE8}") = "demo", "demo", "{58CB4870-5E36-4304-9C65-AA0ACA556725}"
EndProject
Project("{FAE04EC0-301F-11D3-BF4B-00C04F79EFBC}") = "Taylor.Demo.WebApi", "demo\Taylor.Demo.WebApi\Taylor.Demo.WebApi.csproj", "{7AABB47A-4432-4BE5-9388-591CC0C4BD97}"
EndProject
Project("{FAE04EC0-301F-11D3-BF4B-00C04F79EFBC}") = "Taylor.Demo.Core", "demo\Taylor.Demo.Core\Taylor.Demo.Core.csproj", "{C9C38229-4739-4255-8779-7A526A3971C4}"
EndProject
Project("{2150E333-8FDC-42A3-9474-1A3956D46DE8}") = "Biz", "Biz", "{63CBEB8F-665C-41CC-8D84-87AC8D07ED4D}"
EndProject
Project("{FAE04EC0-301F-11D3-BF4B-00C04F79EFBC}") = "Taylor.Tools.QrCode", "src\Taylor.Tools.QrCode\Taylor.Tools.QrCode.csproj", "{21E217A9-09FE-46CE-9CC7-95CE894C512F}"
EndProject
Project("{FAE04EC0-301F-11D3-BF4B-00C04F79EFBC}") = "Taylor.Biz.Payments", "src\Taylor.Biz.Payments\Taylor.Biz.Payments.csproj", "{79000F6A-AFBE-45B9-897B-3472108D4C1A}"
EndProject
Global
	GlobalSection(SolutionConfigurationPlatforms) = preSolution
		Debug|Any CPU = Debug|Any CPU
		Release|Any CPU = Release|Any CPU
	EndGlobalSection
	GlobalSection(ProjectConfigurationPlatforms) = postSolution
		{BF2BA7DC-8A9E-4231-A053-C5276E262101}.Debug|Any CPU.ActiveCfg = Debug|Any CPU
		{BF2BA7DC-8A9E-4231-A053-C5276E262101}.Debug|Any CPU.Build.0 = Debug|Any CPU
		{BF2BA7DC-8A9E-4231-A053-C5276E262101}.Release|Any CPU.ActiveCfg = Release|Any CPU
		{BF2BA7DC-8A9E-4231-A053-C5276E262101}.Release|Any CPU.Build.0 = Release|Any CPU
		{09C482F6-8F25-45B0-96AE-6E9ACAB8B1B3}.Debug|Any CPU.ActiveCfg = Debug|Any CPU
		{09C482F6-8F25-45B0-96AE-6E9ACAB8B1B3}.Debug|Any CPU.Build.0 = Debug|Any CPU
		{09C482F6-8F25-45B0-96AE-6E9ACAB8B1B3}.Release|Any CPU.ActiveCfg = Release|Any CPU
		{09C482F6-8F25-45B0-96AE-6E9ACAB8B1B3}.Release|Any CPU.Build.0 = Release|Any CPU
		{F4789C88-4B00-4D6A-B684-3E705FD6F80E}.Debug|Any CPU.ActiveCfg = Debug|Any CPU
		{F4789C88-4B00-4D6A-B684-3E705FD6F80E}.Debug|Any CPU.Build.0 = Debug|Any CPU
		{F4789C88-4B00-4D6A-B684-3E705FD6F80E}.Release|Any CPU.ActiveCfg = Release|Any CPU
		{F4789C88-4B00-4D6A-B684-3E705FD6F80E}.Release|Any CPU.Build.0 = Release|Any CPU
		{B8257DA3-E9A8-4C48-8583-22168EC823E8}.Debug|Any CPU.ActiveCfg = Debug|Any CPU
		{B8257DA3-E9A8-4C48-8583-22168EC823E8}.Debug|Any CPU.Build.0 = Debug|Any CPU
		{B8257DA3-E9A8-4C48-8583-22168EC823E8}.Release|Any CPU.ActiveCfg = Release|Any CPU
		{B8257DA3-E9A8-4C48-8583-22168EC823E8}.Release|Any CPU.Build.0 = Release|Any CPU
		{A83F205D-7C06-4343-AC4F-C75ECACDCCE8}.Debug|Any CPU.ActiveCfg = Debug|Any CPU
		{A83F205D-7C06-4343-AC4F-C75ECACDCCE8}.Debug|Any CPU.Build.0 = Debug|Any CPU
		{A83F205D-7C06-4343-AC4F-C75ECACDCCE8}.Release|Any CPU.ActiveCfg = Release|Any CPU
		{A83F205D-7C06-4343-AC4F-C75ECACDCCE8}.Release|Any CPU.Build.0 = Release|Any CPU
		{EFDE6440-892A-44F9-88EF-4B100DFDE279}.Debug|Any CPU.ActiveCfg = Debug|Any CPU
		{EFDE6440-892A-44F9-88EF-4B100DFDE279}.Debug|Any CPU.Build.0 = Debug|Any CPU
		{EFDE6440-892A-44F9-88EF-4B100DFDE279}.Release|Any CPU.ActiveCfg = Release|Any CPU
		{EFDE6440-892A-44F9-88EF-4B100DFDE279}.Release|Any CPU.Build.0 = Release|Any CPU
		{86C6B6A4-F56F-4408-AC61-F26BF9B66BB1}.Debug|Any CPU.ActiveCfg = Debug|Any CPU
		{86C6B6A4-F56F-4408-AC61-F26BF9B66BB1}.Debug|Any CPU.Build.0 = Debug|Any CPU
		{86C6B6A4-F56F-4408-AC61-F26BF9B66BB1}.Release|Any CPU.ActiveCfg = Release|Any CPU
		{86C6B6A4-F56F-4408-AC61-F26BF9B66BB1}.Release|Any CPU.Build.0 = Release|Any CPU
		{7AABB47A-4432-4BE5-9388-591CC0C4BD97}.Debug|Any CPU.ActiveCfg = Debug|Any CPU
		{7AABB47A-4432-4BE5-9388-591CC0C4BD97}.Debug|Any CPU.Build.0 = Debug|Any CPU
		{7AABB47A-4432-4BE5-9388-591CC0C4BD97}.Release|Any CPU.ActiveCfg = Release|Any CPU
		{7AABB47A-4432-4BE5-9388-591CC0C4BD97}.Release|Any CPU.Build.0 = Release|Any CPU
		{C9C38229-4739-4255-8779-7A526A3971C4}.Debug|Any CPU.ActiveCfg = Debug|Any CPU
		{C9C38229-4739-4255-8779-7A526A3971C4}.Debug|Any CPU.Build.0 = Debug|Any CPU
		{C9C38229-4739-4255-8779-7A526A3971C4}.Release|Any CPU.ActiveCfg = Release|Any CPU
		{C9C38229-4739-4255-8779-7A526A3971C4}.Release|Any CPU.Build.0 = Release|Any CPU
		{21E217A9-09FE-46CE-9CC7-95CE894C512F}.Debug|Any CPU.ActiveCfg = Debug|Any CPU
		{21E217A9-09FE-46CE-9CC7-95CE894C512F}.Debug|Any CPU.Build.0 = Debug|Any CPU
		{21E217A9-09FE-46CE-9CC7-95CE894C512F}.Release|Any CPU.ActiveCfg = Release|Any CPU
		{21E217A9-09FE-46CE-9CC7-95CE894C512F}.Release|Any CPU.Build.0 = Release|Any CPU
		{79000F6A-AFBE-45B9-897B-3472108D4C1A}.Debug|Any CPU.ActiveCfg = Debug|Any CPU
		{79000F6A-AFBE-45B9-897B-3472108D4C1A}.Debug|Any CPU.Build.0 = Debug|Any CPU
		{79000F6A-AFBE-45B9-897B-3472108D4C1A}.Release|Any CPU.ActiveCfg = Release|Any CPU
		{79000F6A-AFBE-45B9-897B-3472108D4C1A}.Release|Any CPU.Build.0 = Release|Any CPU
	EndGlobalSection
	GlobalSection(SolutionProperties) = preSolution
		HideSolutionNode = FALSE
	EndGlobalSection
	GlobalSection(NestedProjects) = preSolution
		{BF2BA7DC-8A9E-4231-A053-C5276E262101} = {F4F6F53D-9254-4B5A-A25F-2EB08F8863F2}
		{09C482F6-8F25-45B0-96AE-6E9ACAB8B1B3} = {F4F6F53D-9254-4B5A-A25F-2EB08F8863F2}
		{F4F6F53D-9254-4B5A-A25F-2EB08F8863F2} = {CDC9E741-D966-4A5F-9414-678A29A72DA1}
		{F4789C88-4B00-4D6A-B684-3E705FD6F80E} = {F4F6F53D-9254-4B5A-A25F-2EB08F8863F2}
		{B8257DA3-E9A8-4C48-8583-22168EC823E8} = {F4F6F53D-9254-4B5A-A25F-2EB08F8863F2}
		{A83F205D-7C06-4343-AC4F-C75ECACDCCE8} = {F4F6F53D-9254-4B5A-A25F-2EB08F8863F2}
		{D00CC030-3CFA-474C-9B20-4F9B4A32FE56} = {CDC9E741-D966-4A5F-9414-678A29A72DA1}
		{EFDE6440-892A-44F9-88EF-4B100DFDE279} = {D00CC030-3CFA-474C-9B20-4F9B4A32FE56}
		{86C6B6A4-F56F-4408-AC61-F26BF9B66BB1} = {A9DD8A43-8C43-4CE7-B9D5-AE8DF80C803A}
		{7AABB47A-4432-4BE5-9388-591CC0C4BD97} = {58CB4870-5E36-4304-9C65-AA0ACA556725}
		{C9C38229-4739-4255-8779-7A526A3971C4} = {58CB4870-5E36-4304-9C65-AA0ACA556725}
		{63CBEB8F-665C-41CC-8D84-87AC8D07ED4D} = {CDC9E741-D966-4A5F-9414-678A29A72DA1}
		{21E217A9-09FE-46CE-9CC7-95CE894C512F} = {D00CC030-3CFA-474C-9B20-4F9B4A32FE56}
		{79000F6A-AFBE-45B9-897B-3472108D4C1A} = {63CBEB8F-665C-41CC-8D84-87AC8D07ED4D}
	EndGlobalSection
	GlobalSection(ExtensibilityGlobals) = postSolution
		SolutionGuid = {EAF55894-AE32-4191-857C-310990D2AC9F}
	EndGlobalSection
EndGlobal
